Microsoft Visual Studio Solution File, Format Version 11.00
# Visual Studio 2010
Project("{FAE04EC0-301F-11D3-BF4B-00C04F79EFBC}") = "Assembly-CSharp-firstpass", "Assembly-CSharp-firstpass.csproj", "{81C9A970-EE0C-AF5C-3EBE-3B6B91637435}"
EndProject
Project("{FAE04EC0-301F-11D3-BF4B-00C04F79EFBC}") = "Assembly-CSharp", "Assembly-CSharp.csproj", "{2B7EEB4E-CCAD-A6BF-2802-33F8581B02A3}"
EndProject
Project("{FAE04EC0-301F-11D3-BF4B-00C04F79EFBC}") = "Assembly-CSharp-Editor-firstpass", "Assembly-CSharp-Editor-firstpass.csproj", "{637A5243-2519-C02F-D1FC-76C11F50AEE4}"
EndProject
Global
	GlobalSection(SolutionConfigurationPlatforms) = preSolution
		Debug|Any CPU = Debug|Any CPU
		Release|Any CPU = Release|Any CPU
	EndGlobalSection
	GlobalSection(ProjectConfigurationPlatforms) = postSolution
		{81C9A970-EE0C-AF5C-3EBE-3B6B91637435}.Debug|Any CPU.ActiveCfg = Debug|Any CPU
		{81C9A970-EE0C-AF5C-3EBE-3B6B91637435}.Debug|Any CPU.Build.0 = Debug|Any CPU
		{81C9A970-EE0C-AF5C-3EBE-3B6B91637435}.Release|Any CPU.ActiveCfg = Release|Any CPU
		{81C9A970-EE0C-AF5C-3EBE-3B6B91637435}.Release|Any CPU.Build.0 = Release|Any CPU
		{2B7EEB4E-CCAD-A6BF-2802-33F8581B02A3}.Debug|Any CPU.ActiveCfg = Debug|Any CPU
		{2B7EEB4E-CCAD-A6BF-2802-33F8581B02A3}.Debug|Any CPU.Build.0 = Debug|Any CPU
		{2B7EEB4E-CCAD-A6BF-2802-33F8581B02A3}.Release|Any CPU.ActiveCfg = Release|Any CPU
		{2B7EEB4E-CCAD-A6BF-2802-33F8581B02A3}.Release|Any CPU.Build.0 = Release|Any CPU
		{637A5243-2519-C02F-D1FC-76C11F50AEE4}.Debug|Any CPU.ActiveCfg = Debug|Any CPU
		{637A5243-2519-C02F-D1FC-76C11F50AEE4}.Debug|Any CPU.Build.0 = Debug|Any CPU
		{637A5243-2519-C02F-D1FC-76C11F50AEE4}.Release|Any CPU.ActiveCfg = Release|Any CPU
		{637A5243-2519-C02F-D1FC-76C11F50AEE4}.Release|Any CPU.Build.0 = Release|Any CPU
	EndGlobalSection
	GlobalSection(SolutionProperties) = preSolution
		HideSolutionNode = FALSE
	EndGlobalSection
	GlobalSection(MonoDevelopProperties) = preSolution
		StartupItem = Assembly-CSharp.csproj
	EndGlobalSection
EndGlobal
